Microsoft Visual Studio Solution File, Format Version 12.00
# Visual Studio Version 17
VisualStudioVersion = 17.5.2.0
MinimumVisualStudioVersion = 10.0.40219.1
Project("{FAE04EC0-301F-11D3-BF4B-00C04F79EFBC}") = "VisitCounter", "VisitCounter.csproj", "{D059FCA6-6F0D-DFDE-0DF2-146DE3A69235}"
EndProject
Global
	GlobalSection(SolutionConfigurationPlatforms) = preSolution
		Debug|Any CPU = Debug|Any CPU
		Release|Any CPU = Release|Any CPU
	EndGlobalSection
	GlobalSection(ProjectConfigurationPlatforms) = postSolution
		{D059FCA6-6F0D-DFDE-0DF2-146DE3A69235}.Debug|Any CPU.ActiveCfg = Debug|Any CPU
		{D059FCA6-6F0D-DFDE-0DF2-146DE3A69235}.Debug|Any CPU.Build.0 = Debug|Any CPU
		{D059FCA6-6F0D-DFDE-0DF2-146DE3A69235}.Release|Any CPU.ActiveCfg = Release|Any CPU
		{D059FCA6-6F0D-DFDE-0DF2-146DE3A69235}.Release|Any CPU.Build.0 = Release|Any CPU
	EndGlobalSection
	GlobalSection(SolutionProperties) = preSolution
		HideSolutionNode = FALSE
	EndGlobalSection
	GlobalSection(ExtensibilityGlobals) = postSolution
		SolutionGuid = {328EB66B-5582-4346-B929-0F392D62705B}
	EndGlobalSection
EndGlobal
